
Microsoft Visual Studio Solution File, Format Version 12.00
# Visual Studio Version 16
VisualStudioVersion = 16.0.32002.261
MinimumVisualStudioVersion = 10.0.40219.1
Project("{FAE04EC0-301F-11D3-BF4B-00C04F79EFBC}") = "Minesweeper", "Minesweeper.csproj", "{BB4C7B16-319F-466F-B9B1-75E39FF971AB}"
EndProject
Global
	GlobalSection(SolutionConfigurationPlatforms) = preSolution
		Debug|Any CPU = Debug|Any CPU
		Release|Any CPU = Release|Any CPU
	EndGlobalSection
	GlobalSection(ProjectConfigurationPlatforms) = postSolution
		{BB4C7B16-319F-466F-B9B1-75E39FF971AB}.Debug|Any CPU.ActiveCfg = Debug|Any CPU
		{BB4C7B16-319F-466F-B9B1-75E39FF971AB}.Debug|Any CPU.Build.0 = Debug|Any CPU
		{BB4C7B16-319F-466F-B9B1-75E39FF971AB}.Release|Any CPU.ActiveCfg = Release|Any CPU
		{BB4C7B16-319F-466F-B9B1-75E39FF971AB}.Release|Any CPU.Build.0 = Release|Any CPU
	EndGlobalSection
	GlobalSection(SolutionProperties) = preSolution
		HideSolutionNode = FALSE
	EndGlobalSection
	GlobalSection(ExtensibilityGlobals) = postSolution
		SolutionGuid = {0B9D9BA1-6191-48D1-9ECE-E9A19A38EDC1}
	EndGlobalSection
EndGlobal
